
Microsoft Visual Studio Solution File, Format Version 12.00
# Visual Studio Version 17
VisualStudioVersion = 17.8.34322.80
MinimumVisualStudioVersion = 10.0.40219.1
Project("{FAE04EC0-301F-11D3-BF4B-00C04F79EFBC}") = "EFAcademy.Api", "EFAcademy.Api\EFAcademy.Api.csproj", "{5E8A204F-79AA-4E0B-9886-732078FA13E8}"
EndProject
Project("{FAE04EC0-301F-11D3-BF4B-00C04F79EFBC}") = "EFAcademy.Data", "EFAcademy.Data\EFAcademy.Data.csproj", "{0F646B8E-E84C-4A59-B003-B052C0DB3B95}"
EndProject
Global
	GlobalSection(SolutionConfigurationPlatforms) = preSolution
		Debug|Any CPU = Debug|Any CPU
		Release|Any CPU = Release|Any CPU
	EndGlobalSection
	GlobalSection(ProjectConfigurationPlatforms) = postSolution
		{5E8A204F-79AA-4E0B-9886-732078FA13E8}.Debug|Any CPU.ActiveCfg = Debug|Any CPU
		{5E8A204F-79AA-4E0B-9886-732078FA13E8}.Debug|Any CPU.Build.0 = Debug|Any CPU
		{5E8A204F-79AA-4E0B-9886-732078FA13E8}.Release|Any CPU.ActiveCfg = Release|Any CPU
		{5E8A204F-79AA-4E0B-9886-732078FA13E8}.Release|Any CPU.Build.0 = Release|Any CPU
		{0F646B8E-E84C-4A59-B003-B052C0DB3B95}.Debug|Any CPU.ActiveCfg = Debug|Any CPU
		{0F646B8E-E84C-4A59-B003-B052C0DB3B95}.Debug|Any CPU.Build.0 = Debug|Any CPU
		{0F646B8E-E84C-4A59-B003-B052C0DB3B95}.Release|Any CPU.ActiveCfg = Release|Any CPU
		{0F646B8E-E84C-4A59-B003-B052C0DB3B95}.Release|Any CPU.Build.0 = Release|Any CPU
	EndGlobalSection
	GlobalSection(SolutionProperties) = preSolution
		HideSolutionNode = FALSE
	EndGlobalSection
	GlobalSection(ExtensibilityGlobals) = postSolution
		SolutionGuid = {461CA491-522B-4217-8ABA-CC0DFC7A54F8}
	EndGlobalSection
EndGlobal
